
Microsoft Visual Studio Solution File, Format Version 12.00
# Visual Studio 2012
Project("{FAE04EC0-301F-11D3-BF4B-00C04F79EFBC}") = "GuiaTBA.WP8", "GuiaTBAWP\GuiaTBA.WP8.csproj", "{465F0BD9-E9BF-4AA1-A985-200948E54805}"
EndProject
Project("{FAE04EC0-301F-11D3-BF4B-00C04F79EFBC}") = "GuiaTBAWP.Tests", "GuiaTBAWP.Tests\GuiaTBAWP.Tests.csproj", "{06DFD589-222B-45D4-98CE-79B354432366}"
EndProject
Project("{FAE04EC0-301F-11D3-BF4B-00C04F79EFBC}") = "GuiaTBAWP.Commons", "GuiaTBAWP.Commons\GuiaTBAWP.Commons.csproj", "{7B12C343-5C14-434E-882B-256DC35FAE1D}"
EndProject
Project("{FAE04EC0-301F-11D3-BF4B-00C04F79EFBC}") = "SubteBAWP", "SubteBAWP\SubteBAWP.csproj", "{E8E40F26-B899-49C7-8C8F-122E44B4A606}"
EndProject
Project("{FAE04EC0-301F-11D3-BF4B-00C04F79EFBC}") = "BicicletaBAWP", "BicicletaBAWP\BicicletaBAWP.csproj", "{2A7FBB51-77EC-42D4-A812-1B22A8799B9F}"
EndProject
Project("{FAE04EC0-301F-11D3-BF4B-00C04F79EFBC}") = "TrenesBAWP", "TrenesBAWP\TrenesBAWP.csproj", "{6F20D091-EBE4-42C1-B686-6DA53BCD46FC}"
EndProject
Project("{2150E333-8FDC-42A3-9474-1A3956D46DE8}") = "Windows Phone 7", "Windows Phone 7", "{3396EBB5-842F-4DEA-8B74-D3CC8AD4ECD9}"
EndProject
Project("{2150E333-8FDC-42A3-9474-1A3956D46DE8}") = "Windows Phone 8", "Windows Phone 8", "{7498A4E5-6D32-48B6-978E-8188CB7E12C1}"
EndProject
Project("{2150E333-8FDC-42A3-9474-1A3956D46DE8}") = "Android", "Android", "{748D998E-787A-4D12-B4C8-DF31DF4561AB}"
EndProject
Project("{FAE04EC0-301F-11D3-BF4B-00C04F79EFBC}") = "GuiaTBAAN", "GuiaTBAAN\GuiaTBAAN.csproj", "{A8ABCE74-A336-440D-81A0-3EE60F669AAC}"
EndProject
Project("{FAE04EC0-301F-11D3-BF4B-00C04F79EFBC}") = "GuiaTBA.WP7", "GuiaTBA.WP7\GuiaTBA.WP7.csproj", "{DFB5C86B-8464-4A9C-9A89-980D213CC9C7}"
EndProject
Global
	GlobalSection(SolutionConfigurationPlatforms) = preSolution
		Debug|Any CPU = Debug|Any CPU
		Debug|ARM = Debug|ARM
		Debug|x86 = Debug|x86
		Release|Any CPU = Release|Any CPU
		Release|ARM = Release|ARM
		Release|x86 = Release|x86
	EndGlobalSection
	GlobalSection(ProjectConfigurationPlatforms) = postSolution
		{465F0BD9-E9BF-4AA1-A985-200948E54805}.Debug|Any CPU.ActiveCfg = Debug|Any CPU
		{465F0BD9-E9BF-4AA1-A985-200948E54805}.Debug|Any CPU.Build.0 = Debug|Any CPU
		{465F0BD9-E9BF-4AA1-A985-200948E54805}.Debug|Any CPU.Deploy.0 = Debug|Any CPU
		{465F0BD9-E9BF-4AA1-A985-200948E54805}.Debug|ARM.ActiveCfg = Debug|ARM
		{465F0BD9-E9BF-4AA1-A985-200948E54805}.Debug|ARM.Build.0 = Debug|ARM
		{465F0BD9-E9BF-4AA1-A985-200948E54805}.Debug|ARM.Deploy.0 = Debug|ARM
		{465F0BD9-E9BF-4AA1-A985-200948E54805}.Debug|x86.ActiveCfg = Debug|x86
		{465F0BD9-E9BF-4AA1-A985-200948E54805}.Debug|x86.Build.0 = Debug|x86
		{465F0BD9-E9BF-4AA1-A985-200948E54805}.Debug|x86.Deploy.0 = Debug|x86
		{465F0BD9-E9BF-4AA1-A985-200948E54805}.Release|Any CPU.ActiveCfg = Release|Any CPU
		{465F0BD9-E9BF-4AA1-A985-200948E54805}.Release|Any CPU.Build.0 = Release|Any CPU
		{465F0BD9-E9BF-4AA1-A985-200948E54805}.Release|Any CPU.Deploy.0 = Release|Any CPU
		{465F0BD9-E9BF-4AA1-A985-200948E54805}.Release|ARM.ActiveCfg = Release|ARM
		{465F0BD9-E9BF-4AA1-A985-200948E54805}.Release|ARM.Build.0 = Release|ARM
		{465F0BD9-E9BF-4AA1-A985-200948E54805}.Release|ARM.Deploy.0 = Release|ARM
		{465F0BD9-E9BF-4AA1-A985-200948E54805}.Release|x86.ActiveCfg = Release|x86
		{465F0BD9-E9BF-4AA1-A985-200948E54805}.Release|x86.Build.0 = Release|x86
		{465F0BD9-E9BF-4AA1-A985-200948E54805}.Release|x86.Deploy.0 = Release|x86
		{06DFD589-222B-45D4-98CE-79B354432366}.Debug|Any CPU.ActiveCfg = Debug|Any CPU
		{06DFD589-222B-45D4-98CE-79B354432366}.Debug|Any CPU.Build.0 = Debug|Any CPU
		{06DFD589-222B-45D4-98CE-79B354432366}.Debug|ARM.ActiveCfg = Debug|Any CPU
		{06DFD589-222B-45D4-98CE-79B354432366}.Debug|x86.ActiveCfg = Debug|Any CPU
		{06DFD589-222B-45D4-98CE-79B354432366}.Release|Any CPU.ActiveCfg = Release|Any CPU
		{06DFD589-222B-45D4-98CE-79B354432366}.Release|Any CPU.Build.0 = Release|Any CPU
		{06DFD589-222B-45D4-98CE-79B354432366}.Release|ARM.ActiveCfg = Release|Any CPU
		{06DFD589-222B-45D4-98CE-79B354432366}.Release|x86.ActiveCfg = Release|Any CPU
		{7B12C343-5C14-434E-882B-256DC35FAE1D}.Debug|Any CPU.ActiveCfg = Debug|Any CPU
		{7B12C343-5C14-434E-882B-256DC35FAE1D}.Debug|Any CPU.Build.0 = Debug|Any CPU
		{7B12C343-5C14-434E-882B-256DC35FAE1D}.Debug|ARM.ActiveCfg = Debug|Any CPU
		{7B12C343-5C14-434E-882B-256DC35FAE1D}.Debug|x86.ActiveCfg = Debug|Any CPU
		{7B12C343-5C14-434E-882B-256DC35FAE1D}.Release|Any CPU.ActiveCfg = Release|Any CPU
		{7B12C343-5C14-434E-882B-256DC35FAE1D}.Release|Any CPU.Build.0 = Release|Any CPU
		{7B12C343-5C14-434E-882B-256DC35FAE1D}.Release|ARM.ActiveCfg = Release|Any CPU
		{7B12C343-5C14-434E-882B-256DC35FAE1D}.Release|x86.ActiveCfg = Release|Any CPU
		{E8E40F26-B899-49C7-8C8F-122E44B4A606}.Debug|Any CPU.ActiveCfg = Debug|Any CPU
		{E8E40F26-B899-49C7-8C8F-122E44B4A606}.Debug|Any CPU.Build.0 = Debug|Any CPU
		{E8E40F26-B899-49C7-8C8F-122E44B4A606}.Debug|Any CPU.Deploy.0 = Debug|Any CPU
		{E8E40F26-B899-49C7-8C8F-122E44B4A606}.Debug|ARM.ActiveCfg = Debug|Any CPU
		{E8E40F26-B899-49C7-8C8F-122E44B4A606}.Debug|x86.ActiveCfg = Debug|Any CPU
		{E8E40F26-B899-49C7-8C8F-122E44B4A606}.Release|Any CPU.ActiveCfg = Release|Any CPU
		{E8E40F26-B899-49C7-8C8F-122E44B4A606}.Release|Any CPU.Build.0 = Release|Any CPU
		{E8E40F26-B899-49C7-8C8F-122E44B4A606}.Release|Any CPU.Deploy.0 = Release|Any CPU
		{E8E40F26-B899-49C7-8C8F-122E44B4A606}.Release|ARM.ActiveCfg = Release|Any CPU
		{E8E40F26-B899-49C7-8C8F-122E44B4A606}.Release|x86.ActiveCfg = Release|Any CPU
		{2A7FBB51-77EC-42D4-A812-1B22A8799B9F}.Debug|Any CPU.ActiveCfg = Debug|Any CPU
		{2A7FBB51-77EC-42D4-A812-1B22A8799B9F}.Debug|Any CPU.Build.0 = Debug|Any CPU
		{2A7FBB51-77EC-42D4-A812-1B22A8799B9F}.Debug|Any CPU.Deploy.0 = Debug|Any CPU
		{2A7FBB51-77EC-42D4-A812-1B22A8799B9F}.Debug|ARM.ActiveCfg = Debug|Any CPU
		{2A7FBB51-77EC-42D4-A812-1B22A8799B9F}.Debug|x86.ActiveCfg = Debug|Any CPU
		{2A7FBB51-77EC-42D4-A812-1B22A8799B9F}.Release|Any CPU.ActiveCfg = Release|Any CPU
		{2A7FBB51-77EC-42D4-A812-1B22A8799B9F}.Release|Any CPU.Build.0 = Release|Any CPU
		{2A7FBB51-77EC-42D4-A812-1B22A8799B9F}.Release|Any CPU.Deploy.0 = Release|Any CPU
		{2A7FBB51-77EC-42D4-A812-1B22A8799B9F}.Release|ARM.ActiveCfg = Release|Any CPU
		{2A7FBB51-77EC-42D4-A812-1B22A8799B9F}.Release|x86.ActiveCfg = Release|Any CPU
		{6F20D091-EBE4-42C1-B686-6DA53BCD46FC}.Debug|Any CPU.ActiveCfg = Debug|Any CPU
		{6F20D091-EBE4-42C1-B686-6DA53BCD46FC}.Debug|Any CPU.Build.0 = Debug|Any CPU
		{6F20D091-EBE4-42C1-B686-6DA53BCD46FC}.Debug|Any CPU.Deploy.0 = Debug|Any CPU
		{6F20D091-EBE4-42C1-B686-6DA53BCD46FC}.Debug|ARM.ActiveCfg = Debug|Any CPU
		{6F20D091-EBE4-42C1-B686-6DA53BCD46FC}.Debug|x86.ActiveCfg = Debug|Any CPU
		{6F20D091-EBE4-42C1-B686-6DA53BCD46FC}.Release|Any CPU.ActiveCfg = Release|Any CPU
		{6F20D091-EBE4-42C1-B686-6DA53BCD46FC}.Release|Any CPU.Build.0 = Release|Any CPU
		{6F20D091-EBE4-42C1-B686-6DA53BCD46FC}.Release|Any CPU.Deploy.0 = Release|Any CPU
		{6F20D091-EBE4-42C1-B686-6DA53BCD46FC}.Release|ARM.ActiveCfg = Release|Any CPU
		{6F20D091-EBE4-42C1-B686-6DA53BCD46FC}.Release|x86.ActiveCfg = Release|Any CPU
		{A8ABCE74-A336-440D-81A0-3EE60F669AAC}.Debug|Any CPU.ActiveCfg = Debug|Any CPU
		{A8ABCE74-A336-440D-81A0-3EE60F669AAC}.Debug|Any CPU.Build.0 = Debug|Any CPU
		{A8ABCE74-A336-440D-81A0-3EE60F669AAC}.Debug|Any CPU.Deploy.0 = Debug|Any CPU
		{A8ABCE74-A336-440D-81A0-3EE60F669AAC}.Debug|ARM.ActiveCfg = Debug|Any CPU
		{A8ABCE74-A336-440D-81A0-3EE60F669AAC}.Debug|x86.ActiveCfg = Debug|Any CPU
		{A8ABCE74-A336-440D-81A0-3EE60F669AAC}.Release|Any CPU.ActiveCfg = Release|Any CPU
		{A8ABCE74-A336-440D-81A0-3EE60F669AAC}.Release|Any CPU.Build.0 = Release|Any CPU
		{A8ABCE74-A336-440D-81A0-3EE60F669AAC}.Release|Any CPU.Deploy.0 = Release|Any CPU
		{A8ABCE74-A336-440D-81A0-3EE60F669AAC}.Release|ARM.ActiveCfg = Release|Any CPU
		{A8ABCE74-A336-440D-81A0-3EE60F669AAC}.Release|x86.ActiveCfg = Release|Any CPU
		{DFB5C86B-8464-4A9C-9A89-980D213CC9C7}.Debug|Any CPU.ActiveCfg = Debug|Any CPU
		{DFB5C86B-8464-4A9C-9A89-980D213CC9C7}.Debug|Any CPU.Build.0 = Debug|Any CPU
		{DFB5C86B-8464-4A9C-9A89-980D213CC9C7}.Debug|Any CPU.Deploy.0 = Debug|Any CPU
		{DFB5C86B-8464-4A9C-9A89-980D213CC9C7}.Debug|ARM.ActiveCfg = Debug|Any CPU
		{DFB5C86B-8464-4A9C-9A89-980D213CC9C7}.Debug|x86.ActiveCfg = Debug|Any CPU
		{DFB5C86B-8464-4A9C-9A89-980D213CC9C7}.Release|Any CPU.ActiveCfg = Release|Any CPU
		{DFB5C86B-8464-4A9C-9A89-980D213CC9C7}.Release|Any CPU.Build.0 = Release|Any CPU
		{DFB5C86B-8464-4A9C-9A89-980D213CC9C7}.Release|Any CPU.Deploy.0 = Release|Any CPU
		{DFB5C86B-8464-4A9C-9A89-980D213CC9C7}.Release|ARM.ActiveCfg = Release|Any CPU
		{DFB5C86B-8464-4A9C-9A89-980D213CC9C7}.Release|x86.ActiveCfg = Release|Any CPU
	EndGlobalSection
	GlobalSection(SolutionProperties) = preSolution
		HideSolutionNode = FALSE
	EndGlobalSection
	GlobalSection(NestedProjects) = preSolution
		{E8E40F26-B899-49C7-8C8F-122E44B4A606} = {3396EBB5-842F-4DEA-8B74-D3CC8AD4ECD9}
		{2A7FBB51-77EC-42D4-A812-1B22A8799B9F} = {3396EBB5-842F-4DEA-8B74-D3CC8AD4ECD9}
		{6F20D091-EBE4-42C1-B686-6DA53BCD46FC} = {3396EBB5-842F-4DEA-8B74-D3CC8AD4ECD9}
		{DFB5C86B-8464-4A9C-9A89-980D213CC9C7} = {3396EBB5-842F-4DEA-8B74-D3CC8AD4ECD9}
		{465F0BD9-E9BF-4AA1-A985-200948E54805} = {7498A4E5-6D32-48B6-978E-8188CB7E12C1}
		{A8ABCE74-A336-440D-81A0-3EE60F669AAC} = {748D998E-787A-4D12-B4C8-DF31DF4561AB}
	EndGlobalSection
EndGlobal
