
Microsoft Visual Studio Solution File, Format Version 12.00
# Visual Studio 2012
Project("{FAE04EC0-301F-11D3-BF4B-00C04F79EFBC}") = "GuiaTBAWP", "GuiaTBAWP\GuiaTBAWP.csproj", "{465F0BD9-E9BF-4AA1-A985-200948E54805}"
EndProject
Project("{FAE04EC0-301F-11D3-BF4B-00C04F79EFBC}") = "GuiaTBAWP.Tests", "GuiaTBAWP.Tests\GuiaTBAWP.Tests.csproj", "{06DFD589-222B-45D4-98CE-79B354432366}"
EndProject
Project("{FAE04EC0-301F-11D3-BF4B-00C04F79EFBC}") = "GuiaTBAWP.Commons", "GuiaTBAWP.Commons\GuiaTBAWP.Commons.csproj", "{7B12C343-5C14-434E-882B-256DC35FAE1D}"
EndProject
Global
	GlobalSection(SolutionConfigurationPlatforms) = preSolution
		Debug|Any CPU = Debug|Any CPU
		Release|Any CPU = Release|Any CPU
	EndGlobalSection
	GlobalSection(ProjectConfigurationPlatforms) = postSolution
		{465F0BD9-E9BF-4AA1-A985-200948E54805}.Debug|Any CPU.ActiveCfg = Debug|Any CPU
		{465F0BD9-E9BF-4AA1-A985-200948E54805}.Debug|Any CPU.Build.0 = Debug|Any CPU
		{465F0BD9-E9BF-4AA1-A985-200948E54805}.Debug|Any CPU.Deploy.0 = Debug|Any CPU
		{465F0BD9-E9BF-4AA1-A985-200948E54805}.Release|Any CPU.ActiveCfg = Release|Any CPU
		{465F0BD9-E9BF-4AA1-A985-200948E54805}.Release|Any CPU.Build.0 = Release|Any CPU
		{465F0BD9-E9BF-4AA1-A985-200948E54805}.Release|Any CPU.Deploy.0 = Release|Any CPU
		{06DFD589-222B-45D4-98CE-79B354432366}.Debug|Any CPU.ActiveCfg = Debug|Any CPU
		{06DFD589-222B-45D4-98CE-79B354432366}.Debug|Any CPU.Build.0 = Debug|Any CPU
		{06DFD589-222B-45D4-98CE-79B354432366}.Release|Any CPU.ActiveCfg = Release|Any CPU
		{06DFD589-222B-45D4-98CE-79B354432366}.Release|Any CPU.Build.0 = Release|Any CPU
		{7B12C343-5C14-434E-882B-256DC35FAE1D}.Debug|Any CPU.ActiveCfg = Debug|Any CPU
		{7B12C343-5C14-434E-882B-256DC35FAE1D}.Debug|Any CPU.Build.0 = Debug|Any CPU
		{7B12C343-5C14-434E-882B-256DC35FAE1D}.Release|Any CPU.ActiveCfg = Release|Any CPU
		{7B12C343-5C14-434E-882B-256DC35FAE1D}.Release|Any CPU.Build.0 = Release|Any CPU
	EndGlobalSection
	GlobalSection(SolutionProperties) = preSolution
		HideSolutionNode = FALSE
	EndGlobalSection
EndGlobal
